
Microsoft Visual Studio Solution File, Format Version 12.00
# Visual Studio Version 16
VisualStudioVersion = 16.0.30128.74
MinimumVisualStudioVersion = 10.0.40219.1
Project("{FAE04EC0-301F-11D3-BF4B-00C04F79EFBC}") = "Zahlensystemrechner2.0", "Zahlensystemrechner2.0\Zahlensystemrechner2.0.csproj", "{70B2FDD3-CCBA-4170-BF79-AB6D8922DDF1}"
EndProject
Global
	GlobalSection(SolutionConfigurationPlatforms) = preSolution
		Debug|Any CPU = Debug|Any CPU
		Release|Any CPU = Release|Any CPU
	EndGlobalSection
	GlobalSection(ProjectConfigurationPlatforms) = postSolution
		{70B2FDD3-CCBA-4170-BF79-AB6D8922DDF1}.Debug|Any CPU.ActiveCfg = Debug|Any CPU
		{70B2FDD3-CCBA-4170-BF79-AB6D8922DDF1}.Debug|Any CPU.Build.0 = Debug|Any CPU
		{70B2FDD3-CCBA-4170-BF79-AB6D8922DDF1}.Release|Any CPU.ActiveCfg = Release|Any CPU
		{70B2FDD3-CCBA-4170-BF79-AB6D8922DDF1}.Release|Any CPU.Build.0 = Release|Any CPU
	EndGlobalSection
	GlobalSection(SolutionProperties) = preSolution
		HideSolutionNode = FALSE
	EndGlobalSection
	GlobalSection(ExtensibilityGlobals) = postSolution
		SolutionGuid = {E61EF535-5D83-46D5-BBE1-DF67D4B09F2C}
	EndGlobalSection
EndGlobal
